// !$*UTF8*$!
{
	archiveVersion = 1;
	classes = {
	};
	objectVersion = 56;
	objects = {

/* Begin PBXBuildFile section */
		128836E22C505014001D53B9 /* RealityKitContent in Frameworks */ = {isa = PBXBuildFile; productRef = 128836E12C505014001D53B9 /* RealityKitContent */; };
		128836E42C505014001D53B9 /* EBay3DApp.swift in Sources */ = {isa = PBXBuildFile; fileRef = 128836E32C505014001D53B9 /* EBay3DApp.swift */; };
		128836E62C505014001D53B9 /* ContentView.swift in Sources */ = {isa = PBXBuildFile; fileRef = 128836E52C505014001D53B9 /* ContentView.swift */; };
		128836E82C505014001D53B9 /* ImmersiveView.swift in Sources */ = {isa = PBXBuildFile; fileRef = 128836E72C505014001D53B9 /* ImmersiveView.swift */; };
		128836EA2C505017001D53B9 /* Assets.xcassets in Resources */ = {isa = PBXBuildFile; fileRef = 128836E92C505017001D53B9 /* Assets.xcassets */; };
		128836ED2C505017001D53B9 /* Preview Assets.xcassets in Resources */ = {isa = PBXBuildFile; fileRef = 128836EC2C505017001D53B9 /* Preview Assets.xcassets */; };
		12AF55712C50544D008DF9D0 /* HomeView.swift in Sources */ = {isa = PBXBuildFile; fileRef = 12AF55702C50544D008DF9D0 /* HomeView.swift */; };
		12AF55732C50555C008DF9D0 /* Categories & Products.swift in Sources */ = {isa = PBXBuildFile; fileRef = 12AF55722C50555C008DF9D0 /* Categories & Products.swift */; };
		12AF55752C5072D7008DF9D0 /* ProductListView.swift in Sources */ = {isa = PBXBuildFile; fileRef = 12AF55742C5072D7008DF9D0 /* ProductListView.swift */; };
/* End PBXBuildFile section */

/* Begin PBXFileReference section */
		128836DC2C505014001D53B9 /* EBay3D.app */ = {isa = PBXFileReference; explicitFileType = wrapper.application; includeInIndex = 0; path = EBay3D.app; sourceTree = BUILT_PRODUCTS_DIR; };
		128836E02C505014001D53B9 /* RealityKitContent */ = {isa = PBXFileReference; lastKnownFileType = wrapper; path = RealityKitContent; sourceTree = "<group>"; };
		128836E32C505014001D53B9 /* EBay3DApp.swift */ = {isa = PBXFileReference; lastKnownFileType = sourcecode.swift; path = EBay3DApp.swift; sourceTree = "<group>"; };
		128836E52C505014001D53B9 /* ContentView.swift */ = {isa = PBXFileReference; lastKnownFileType = sourcecode.swift; path = ContentView.swift; sourceTree = "<group>"; };
		128836E72C505014001D53B9 /* ImmersiveView.swift */ = {isa = PBXFileReference; lastKnownFileType = sourcecode.swift; path = ImmersiveView.swift; sourceTree = "<group>"; };
		128836E92C505017001D53B9 /* Assets.xcassets */ = {isa = PBXFileReference; lastKnownFileType = folder.assetcatalog; path = Assets.xcassets; sourceTree = "<group>"; };
		128836EC2C505017001D53B9 /* Preview Assets.xcassets */ = {isa = PBXFileReference; lastKnownFileType = folder.assetcatalog; path = "Preview Assets.xcassets"; sourceTree = "<group>"; };
		128836EE2C505017001D53B9 /* Info.plist */ = {isa = PBXFileReference; lastKnownFileType = text.plist.xml; path = Info.plist; sourceTree = "<group>"; };
		12AF55702C50544D008DF9D0 /* HomeView.swift */ = {isa = PBXFileReference; lastKnownFileType = sourcecode.swift; path = HomeView.swift; sourceTree = "<group>"; };
		12AF55722C50555C008DF9D0 /* Categories & Products.swift */ = {isa = PBXFileReference; lastKnownFileType = sourcecode.swift; path = "Categories & Products.swift"; sourceTree = "<group>"; };
		12AF55742C5072D7008DF9D0 /* ProductListView.swift */ = {isa = PBXFileReference; lastKnownFileType = sourcecode.swift; path = ProductListView.swift; sourceTree = "<group>"; };
/* End PBXFileReference section */

/* Begin PBXFrameworksBuildPhase section */
		128836D92C505014001D53B9 /* Frameworks */ = {
			isa = PBXFrameworksBuildPhase;
			buildActionMask = 2147483647;
			files = (
				128836E22C505014001D53B9 /* RealityKitContent in Frameworks */,
			);
			runOnlyForDeploymentPostprocessing = 0;
		};
/* End PBXFrameworksBuildPhase section */

/* Begin PBXGroup section */
		128836D32C505014001D53B9 = {
			isa = PBXGroup;
			children = (
				128836DE2C505014001D53B9 /* EBay3D */,
				128836DF2C505014001D53B9 /* Packages */,
				128836DD2C505014001D53B9 /* Products */,
			);
			sourceTree = "<group>";
		};
		128836DD2C505014001D53B9 /* Products */ = {
			isa = PBXGroup;
			children = (
				128836DC2C505014001D53B9 /* EBay3D.app */,
			);
			name = Products;
			sourceTree = "<group>";
		};
		128836DE2C505014001D53B9 /* EBay3D */ = {
			isa = PBXGroup;
			children = (
				128836E32C505014001D53B9 /* EBay3DApp.swift */,
				128836E52C505014001D53B9 /* ContentView.swift */,
				12AF55742C5072D7008DF9D0 /* ProductListView.swift */,
				12AF55702C50544D008DF9D0 /* HomeView.swift */,
				12D2EC122C5091AA007DF141 /* HomeViewGroup */,
				12AF55722C50555C008DF9D0 /* Categories & Products.swift */,
				128836E72C505014001D53B9 /* ImmersiveView.swift */,
				128836E92C505017001D53B9 /* Assets.xcassets */,
				128836EE2C505017001D53B9 /* Info.plist */,
				128836EB2C505017001D53B9 /* Preview Content */,
			);
			path = EBay3D;
			sourceTree = "<group>";
		};
		128836DF2C505014001D53B9 /* Packages */ = {
			isa = PBXGroup;
			children = (
				128836E02C505014001D53B9 /* RealityKitContent */,
			);
			path = Packages;
			sourceTree = "<group>";
		};
		128836EB2C505017001D53B9 /* Preview Content */ = {
			isa = PBXGroup;
			children = (
				128836EC2C505017001D53B9 /* Preview Assets.xcassets */,
			);
			path = "Preview Content";
			sourceTree = "<group>";
		};
		12D2EC122C5091AA007DF141 /* HomeViewGroup */ = {
			isa = PBXGroup;
			children = (
			);
			path = HomeViewGroup;
			sourceTree = "<group>";
		};
/* End PBXGroup section */

/* Begin PBXNativeTarget section */
		128836DB2C505014001D53B9 /* EBay3D */ = {
			isa = PBXNativeTarget;
			buildConfigurationList = 128836F12C505017001D53B9 /* Build configuration list for PBXNativeTarget "EBay3D" */;
			buildPhases = (
				128836D82C505014001D53B9 /* Sources */,
				128836D92C505014001D53B9 /* Frameworks */,
				128836DA2C505014001D53B9 /* Resources */,
			);
			buildRules = (
			);
			dependencies = (
			);
			name = EBay3D;
			packageProductDependencies = (
				128836E12C505014001D53B9 /* RealityKitContent */,
			);
			productName = EBay3D;
			productReference = 128836DC2C505014001D53B9 /* EBay3D.app */;
			productType = "com.apple.product-type.application";
		};
/* End PBXNativeTarget section */

/* Begin PBXProject section */
		128836D42C505014001D53B9 /* Project object */ = {
			isa = PBXProject;
			attributes = {
				BuildIndependentTargetsInParallel = 1;
				LastSwiftUpdateCheck = 1540;
				LastUpgradeCheck = 1540;
				TargetAttributes = {
					128836DB2C505014001D53B9 = {
						CreatedOnToolsVersion = 15.4;
					};
				};
			};
			buildConfigurationList = 128836D72C505014001D53B9 /* Build configuration list for PBXProject "EBay3D" */;
			compatibilityVersion = "Xcode 14.0";
			developmentRegion = en;
			hasScannedForEncodings = 0;
			knownRegions = (
				en,
				Base,
			);
			mainGroup = 128836D32C505014001D53B9;
			productRefGroup = 128836DD2C505014001D53B9 /* Products */;
			projectDirPath = "";
			projectRoot = "";
			targets = (
				128836DB2C505014001D53B9 /* EBay3D */,
			);
		};
/* End PBXProject section */

/* Begin PBXResourcesBuildPhase section */
		128836DA2C505014001D53B9 /* Resources */ = {
			isa = PBXResourcesBuildPhase;
			buildActionMask = 2147483647;
			files = (
				128836ED2C505017001D53B9 /* Preview Assets.xcassets in Resources */,
				128836EA2C505017001D53B9 /* Assets.xcassets in Resources */,
			);
			runOnlyForDeploymentPostprocessing = 0;
		};
/* End PBXResourcesBuildPhase section */

/* Begin PBXSourcesBuildPhase section */
		128836D82C505014001D53B9 /* Sources */ = {
			isa = PBXSourcesBuildPhase;
			buildActionMask = 2147483647;
			files = (
				12AF55752C5072D7008DF9D0 /* ProductListView.swift in Sources */,
				128836E62C505014001D53B9 /* ContentView.swift in Sources */,
				12AF55732C50555C008DF9D0 /* Categories & Products.swift in Sources */,
				12AF55712C50544D008DF9D0 /* HomeView.swift in Sources */,
				128836E42C505014001D53B9 /* EBay3DApp.swift in Sources */,
				128836E82C505014001D53B9 /* ImmersiveView.swift in Sources */,
			);
			runOnlyForDeploymentPostprocessing = 0;
		};
/* End PBXSourcesBuildPhase section */

/* Begin XCBuildConfiguration section */
		128836EF2C505017001D53B9 /* Debug */ = {
			isa = XCBuildConfiguration;
			buildSettings = {
				ALWAYS_SEARCH_USER_PATHS = NO;
				ASSETCATALOG_COMPILER_GENERATE_SWIFT_ASSET_SYMBOL_EXTENSIONS = YES;
				CLANG_ANALYZER_NONNULL = YES;
				CLANG_ANALYZER_NUMBER_OBJECT_CONVERSION = YES_AGGRESSIVE;
				CLANG_CXX_LANGUAGE_STANDARD = "gnu++20";
				CLANG_ENABLE_MODULES = YES;
				CLANG_ENABLE_OBJC_ARC = YES;
				CLANG_ENABLE_OBJC_WEAK = YES;
				CLANG_WARN_BLOCK_CAPTURE_AUTORELEASING = YES;
				CLANG_WARN_BOOL_CONVERSION = YES;
				CLANG_WARN_COMMA = YES;
				CLANG_WARN_CONSTANT_CONVERSION = YES;
				CLANG_WARN_DEPRECATED_OBJC_IMPLEMENTATIONS = YES;
				CLANG_WARN_DIRECT_OBJC_ISA_USAGE = YES_ERROR;
				CLANG_WARN_DOCUMENTATION_COMMENTS = YES;
				CLANG_WARN_EMPTY_BODY = YES;
				CLANG_WARN_ENUM_CONVERSION = YES;
				CLANG_WARN_INFINITE_RECURSION = YES;
				CLANG_WARN_INT_CONVERSION = YES;
				CLANG_WARN_NON_LITERAL_NULL_CONVERSION = YES;
				CLANG_WARN_OBJC_IMPLICIT_RETAIN_SELF = YES;
				CLANG_WARN_OBJC_LITERAL_CONVERSION = YES;
				CLANG_WARN_OBJC_ROOT_CLASS = YES_ERROR;
				CLANG_WARN_QUOTED_INCLUDE_IN_FRAMEWORK_HEADER = YES;
				CLANG_WARN_RANGE_LOOP_ANALYSIS = YES;
				CLANG_WARN_STRICT_PROTOTYPES = YES;
				CLANG_WARN_SUSPICIOUS_MOVE = YES;
				CLANG_WARN_UNGUARDED_AVAILABILITY = YES_AGGRESSIVE;
				CLANG_WARN_UNREACHABLE_CODE = YES;
				CLANG_WARN__DUPLICATE_METHOD_MATCH = YES;
				COPY_PHASE_STRIP = NO;
				DEBUG_INFORMATION_FORMAT = dwarf;
				ENABLE_STRICT_OBJC_MSGSEND = YES;
				ENABLE_TESTABILITY = YES;
				ENABLE_USER_SCRIPT_SANDBOXING = YES;
				GCC_C_LANGUAGE_STANDARD = gnu17;
				GCC_DYNAMIC_NO_PIC = NO;
				GCC_NO_COMMON_BLOCKS = YES;
				GCC_OPTIMIZATION_LEVEL = 0;
				GCC_PREPROCESSOR_DEFINITIONS = (
					"DEBUG=1",
					"$(inherited)",
				);
				GCC_WARN_64_TO_32_BIT_CONVERSION = YES;
				GCC_WARN_ABOUT_RETURN_TYPE = YES_ERROR;
				GCC_WARN_UNDECLARED_SELECTOR = YES;
				GCC_WARN_UNINITIALIZED_AUTOS = YES_AGGRESSIVE;
				GCC_WARN_UNUSED_FUNCTION = YES;
				GCC_WARN_UNUSED_VARIABLE = YES;
				LOCALIZATION_PREFERS_STRING_CATALOGS = YES;
				MTL_ENABLE_DEBUG_INFO = INCLUDE_SOURCE;
				MTL_FAST_MATH = YES;
				ONLY_ACTIVE_ARCH = YES;
				SDKROOT = xros;
				SWIFT_ACTIVE_COMPILATION_CONDITIONS = "DEBUG $(inherited)";
				SWIFT_OPTIMIZATION_LEVEL = "-Onone";
				XROS_DEPLOYMENT_TARGET = 1.2;
			};
			name = Debug;
		};
		128836F02C505017001D53B9 /* Release */ = {
			isa = XCBuildConfiguration;
			buildSettings = {
				ALWAYS_SEARCH_USER_PATHS = NO;
				ASSETCATALOG_COMPILER_GENERATE_SWIFT_ASSET_SYMBOL_EXTENSIONS = YES;
				CLANG_ANALYZER_NONNULL = YES;
				CLANG_ANALYZER_NUMBER_OBJECT_CONVERSION = YES_AGGRESSIVE;
				CLANG_CXX_LANGUAGE_STANDARD = "gnu++20";
				CLANG_ENABLE_MODULES = YES;
				CLANG_ENABLE_OBJC_ARC = YES;
				CLANG_ENABLE_OBJC_WEAK = YES;
				CLANG_WARN_BLOCK_CAPTURE_AUTORELEASING = YES;
				CLANG_WARN_BOOL_CONVERSION = YES;
				CLANG_WARN_COMMA = YES;
				CLANG_WARN_CONSTANT_CONVERSION = YES;
				CLANG_WARN_DEPRECATED_OBJC_IMPLEMENTATIONS = YES;
				CLANG_WARN_DIRECT_OBJC_ISA_USAGE = YES_ERROR;
				CLANG_WARN_DOCUMENTATION_COMMENTS = YES;
				CLANG_WARN_EMPTY_BODY = YES;
				CLANG_WARN_ENUM_CONVERSION = YES;
				CLANG_WARN_INFINITE_RECURSION = YES;
				CLANG_WARN_INT_CONVERSION = YES;
				CLANG_WARN_NON_LITERAL_NULL_CONVERSION = YES;
				CLANG_WARN_OBJC_IMPLICIT_RETAIN_SELF = YES;
				CLANG_WARN_OBJC_LITERAL_CONVERSION = YES;
				CLANG_WARN_OBJC_ROOT_CLASS = YES_ERROR;
				CLANG_WARN_QUOTED_INCLUDE_IN_FRAMEWORK_HEADER = YES;
				CLANG_WARN_RANGE_LOOP_ANALYSIS = YES;
				CLANG_WARN_STRICT_PROTOTYPES = YES;
				CLANG_WARN_SUSPICIOUS_MOVE = YES;
				CLANG_WARN_UNGUARDED_AVAILABILITY = YES_AGGRESSIVE;
				CLANG_WARN_UNREACHABLE_CODE = YES;
				CLANG_WARN__DUPLICATE_METHOD_MATCH = YES;
				COPY_PHASE_STRIP = NO;
				DEBUG_INFORMATION_FORMAT = "dwarf-with-dsym";
				ENABLE_NS_ASSERTIONS = NO;
				ENABLE_STRICT_OBJC_MSGSEND = YES;
				ENABLE_USER_SCRIPT_SANDBOXING = YES;
				GCC_C_LANGUAGE_STANDARD = gnu17;
				GCC_NO_COMMON_BLOCKS = YES;
				GCC_WARN_64_TO_32_BIT_CONVERSION = YES;
				GCC_WARN_ABOUT_RETURN_TYPE = YES_ERROR;
				GCC_WARN_UNDECLARED_SELECTOR = YES;
				GCC_WARN_UNINITIALIZED_AUTOS = YES_AGGRESSIVE;
				GCC_WARN_UNUSED_FUNCTION = YES;
				GCC_WARN_UNUSED_VARIABLE = YES;
				LOCALIZATION_PREFERS_STRING_CATALOGS = YES;
				MTL_ENABLE_DEBUG_INFO = NO;
				MTL_FAST_MATH = YES;
				SDKROOT = xros;
				SWIFT_COMPILATION_MODE = wholemodule;
				VALIDATE_PRODUCT = YES;
				XROS_DEPLOYMENT_TARGET = 1.2;
			};
			name = Release;
		};
		128836F22C505017001D53B9 /* Debug */ = {
			isa = XCBuildConfiguration;
			buildSettings = {
				ASSETCATALOG_COMPILER_APPICON_NAME = AppIcon;
				ASSETCATALOG_COMPILER_GLOBAL_ACCENT_COLOR_NAME = AccentColor;
				CODE_SIGN_STYLE = Automatic;
				CURRENT_PROJECT_VERSION = 1;
				DEVELOPMENT_ASSET_PATHS = "\"EBay3D/Preview Content\"";
				ENABLE_PREVIEWS = YES;
				GENERATE_INFOPLIST_FILE = YES;
				INFOPLIST_FILE = "$(TARGET_NAME)/Info.plist";
				LD_RUNPATH_SEARCH_PATHS = (
					"$(inherited)",
					"@executable_path/Frameworks",
				);
				MARKETING_VERSION = 1.0;
				PRODUCT_BUNDLE_IDENTIFIER = "R-APPS.EBay3D";
				PRODUCT_NAME = "$(TARGET_NAME)";
				SUPPORTED_PLATFORMS = "xros xrsimulator";
				SWIFT_EMIT_LOC_STRINGS = YES;
				SWIFT_VERSION = 5.0;
				TARGETED_DEVICE_FAMILY = "1,2,7";
			};
			name = Debug;
		};
		128836F32C505017001D53B9 /* Release */ = {
			isa = XCBuildConfiguration;
			buildSettings = {
				ASSETCATALOG_COMPILER_APPICON_NAME = AppIcon;
				ASSETCATALOG_COMPILER_GLOBAL_ACCENT_COLOR_NAME = AccentColor;
				CODE_SIGN_STYLE = Automatic;
				CURRENT_PROJECT_VERSION = 1;
				DEVELOPMENT_ASSET_PATHS = "\"EBay3D/Preview Content\"";
				ENABLE_PREVIEWS = YES;
				GENERATE_INFOPLIST_FILE = YES;
				INFOPLIST_FILE = "$(TARGET_NAME)/Info.plist";
				LD_RUNPATH_SEARCH_PATHS = (
					"$(inherited)",
					"@executable_path/Frameworks",
				);
				MARKETING_VERSION = 1.0;
				PRODUCT_BUNDLE_IDENTIFIER = "R-APPS.EBay3D";
				PRODUCT_NAME = "$(TARGET_NAME)";
				SUPPORTED_PLATFORMS = "xros xrsimulator";
				SWIFT_EMIT_LOC_STRINGS = YES;
				SWIFT_VERSION = 5.0;
				TARGETED_DEVICE_FAMILY = "1,2,7";
			};
			name = Release;
		};
/* End XCBuildConfiguration section */

/* Begin XCConfigurationList section */
		128836D72C505014001D53B9 /* Build configuration list for PBXProject "EBay3D" */ = {
			isa = XCConfigurationList;
			buildConfigurations = (
				128836EF2C505017001D53B9 /* Debug */,
				128836F02C505017001D53B9 /* Release */,
			);
			defaultConfigurationIsVisible = 0;
			defaultConfigurationName = Release;
		};
		128836F12C505017001D53B9 /* Build configuration list for PBXNativeTarget "EBay3D" */ = {
			isa = XCConfigurationList;
			buildConfigurations = (
				128836F22C505017001D53B9 /* Debug */,
				128836F32C505017001D53B9 /* Release */,
			);
			defaultConfigurationIsVisible = 0;
			defaultConfigurationName = Release;
		};
/* End XCConfigurationList section */

/* Begin XCSwiftPackageProductDependency section */
		128836E12C505014001D53B9 /* RealityKitContent */ = {
			isa = XCSwiftPackageProductDependency;
			productName = RealityKitContent;
		};
/* End XCSwiftPackageProductDependency section */
	};
	rootObject = 128836D42C505014001D53B9 /* Project object */;
}
