// !$*UTF8*$!
{
	archiveVersion = 1;
	classes = {
	};
	objectVersion = 56;
	objects = {

/* Begin PBXBuildFile section */
		121B99652C6930AB006D8D71 /* CreateNewPasswordLogin.swift in Sources */ = {isa = PBXBuildFile; fileRef = 121B99642C6930AB006D8D71 /* CreateNewPasswordLogin.swift */; };
		121B99672C6932F0006D8D71 /* DataCollectionFormView.swift in Sources */ = {isa = PBXBuildFile; fileRef = 121B99662C6932F0006D8D71 /* DataCollectionFormView.swift */; };
		121B996B2C6966C4006D8D71 /* PlanYourTrip.swift in Sources */ = {isa = PBXBuildFile; fileRef = 121B996A2C6966C4006D8D71 /* PlanYourTrip.swift */; };
		12D62C672C68A87D00E5C017 /* guiaAppApp.swift in Sources */ = {isa = PBXBuildFile; fileRef = 12D62C662C68A87D00E5C017 /* guiaAppApp.swift */; };
		12D62C692C68A87D00E5C017 /* ContentView.swift in Sources */ = {isa = PBXBuildFile; fileRef = 12D62C682C68A87D00E5C017 /* ContentView.swift */; };
		12D62C6B2C68A88000E5C017 /* Assets.xcassets in Resources */ = {isa = PBXBuildFile; fileRef = 12D62C6A2C68A88000E5C017 /* Assets.xcassets */; };
		12D62C6E2C68A88000E5C017 /* Preview Assets.xcassets in Resources */ = {isa = PBXBuildFile; fileRef = 12D62C6D2C68A88000E5C017 /* Preview Assets.xcassets */; };
		12D62C752C68A91A00E5C017 /* models.swift in Sources */ = {isa = PBXBuildFile; fileRef = 12D62C742C68A91A00E5C017 /* models.swift */; };
		12D62C772C68AF9300E5C017 /* LoginView.swift in Sources */ = {isa = PBXBuildFile; fileRef = 12D62C762C68AF9300E5C017 /* LoginView.swift */; };
		12D62C7B2C68B20900E5C017 /* Localizable.xcstrings in Resources */ = {isa = PBXBuildFile; fileRef = 12D62C7A2C68B20900E5C017 /* Localizable.xcstrings */; };
		12D62C7D2C68B27700E5C017 /* SignUpView.swift in Sources */ = {isa = PBXBuildFile; fileRef = 12D62C7C2C68B27700E5C017 /* SignUpView.swift */; };
		12D62C812C68B65400E5C017 /* RecoverPasswordView.swift in Sources */ = {isa = PBXBuildFile; fileRef = 12D62C802C68B65400E5C017 /* RecoverPasswordView.swift */; };
		12D62C852C68B93B00E5C017 /* SuccessEmailSentView.swift in Sources */ = {isa = PBXBuildFile; fileRef = 12D62C842C68B93B00E5C017 /* SuccessEmailSentView.swift */; };
		12DB065F2C6B0E5E00CDB07C /* SwipeStackPlacesView.swift in Sources */ = {isa = PBXBuildFile; fileRef = 12DB065E2C6B0E5E00CDB07C /* SwipeStackPlacesView.swift */; };
		12DB06612C6B1C2C00CDB07C /* DragState.swift in Sources */ = {isa = PBXBuildFile; fileRef = 12DB06602C6B1C2C00CDB07C /* DragState.swift */; };
/* End PBXBuildFile section */

/* Begin PBXFileReference section */
		121B99642C6930AB006D8D71 /* CreateNewPasswordLogin.swift */ = {isa = PBXFileReference; lastKnownFileType = sourcecode.swift; path = CreateNewPasswordLogin.swift; sourceTree = "<group>"; };
		121B99662C6932F0006D8D71 /* DataCollectionFormView.swift */ = {isa = PBXFileReference; lastKnownFileType = sourcecode.swift; path = DataCollectionFormView.swift; sourceTree = "<group>"; };
		121B996A2C6966C4006D8D71 /* PlanYourTrip.swift */ = {isa = PBXFileReference; lastKnownFileType = sourcecode.swift; path = PlanYourTrip.swift; sourceTree = "<group>"; };
		12D62C632C68A87D00E5C017 /* guiaApp.app */ = {isa = PBXFileReference; explicitFileType = wrapper.application; includeInIndex = 0; path = guiaApp.app; sourceTree = BUILT_PRODUCTS_DIR; };
		12D62C662C68A87D00E5C017 /* guiaAppApp.swift */ = {isa = PBXFileReference; lastKnownFileType = sourcecode.swift; path = guiaAppApp.swift; sourceTree = "<group>"; };
		12D62C682C68A87D00E5C017 /* ContentView.swift */ = {isa = PBXFileReference; lastKnownFileType = sourcecode.swift; path = ContentView.swift; sourceTree = "<group>"; };
		12D62C6A2C68A88000E5C017 /* Assets.xcassets */ = {isa = PBXFileReference; lastKnownFileType = folder.assetcatalog; path = Assets.xcassets; sourceTree = "<group>"; };
		12D62C6D2C68A88000E5C017 /* Preview Assets.xcassets */ = {isa = PBXFileReference; lastKnownFileType = folder.assetcatalog; path = "Preview Assets.xcassets"; sourceTree = "<group>"; };
		12D62C742C68A91A00E5C017 /* models.swift */ = {isa = PBXFileReference; lastKnownFileType = sourcecode.swift; path = models.swift; sourceTree = "<group>"; };
		12D62C762C68AF9300E5C017 /* LoginView.swift */ = {isa = PBXFileReference; lastKnownFileType = sourcecode.swift; path = LoginView.swift; sourceTree = "<group>"; };
		12D62C7A2C68B20900E5C017 /* Localizable.xcstrings */ = {isa = PBXFileReference; lastKnownFileType = text.json.xcstrings; path = Localizable.xcstrings; sourceTree = "<group>"; };
		12D62C7C2C68B27700E5C017 /* SignUpView.swift */ = {isa = PBXFileReference; lastKnownFileType = sourcecode.swift; path = SignUpView.swift; sourceTree = "<group>"; };
		12D62C802C68B65400E5C017 /* RecoverPasswordView.swift */ = {isa = PBXFileReference; lastKnownFileType = sourcecode.swift; path = RecoverPasswordView.swift; sourceTree = "<group>"; };
		12D62C842C68B93B00E5C017 /* SuccessEmailSentView.swift */ = {isa = PBXFileReference; lastKnownFileType = sourcecode.swift; path = SuccessEmailSentView.swift; sourceTree = "<group>"; };
		12DB065E2C6B0E5E00CDB07C /* SwipeStackPlacesView.swift */ = {isa = PBXFileReference; lastKnownFileType = sourcecode.swift; path = SwipeStackPlacesView.swift; sourceTree = "<group>"; };
		12DB06602C6B1C2C00CDB07C /* DragState.swift */ = {isa = PBXFileReference; lastKnownFileType = sourcecode.swift; path = DragState.swift; sourceTree = "<group>"; };
/* End PBXFileReference section */

/* Begin PBXFrameworksBuildPhase section */
		12D62C602C68A87D00E5C017 /* Frameworks */ = {
			isa = PBXFrameworksBuildPhase;
			buildActionMask = 2147483647;
			files = (
			);
			runOnlyForDeploymentPostprocessing = 0;
		};
/* End PBXFrameworksBuildPhase section */

/* Begin PBXGroup section */
		121B99682C69668F006D8D71 /* Onboarding */ = {
			isa = PBXGroup;
			children = (
				121B996A2C6966C4006D8D71 /* PlanYourTrip.swift */,
			);
			path = Onboarding;
			sourceTree = "<group>";
		};
		12D62C5A2C68A87D00E5C017 = {
			isa = PBXGroup;
			children = (
				12D62C652C68A87D00E5C017 /* guiaApp */,
				12D62C642C68A87D00E5C017 /* Products */,
			);
			sourceTree = "<group>";
		};
		12D62C642C68A87D00E5C017 /* Products */ = {
			isa = PBXGroup;
			children = (
				12D62C632C68A87D00E5C017 /* guiaApp.app */,
			);
			name = Products;
			sourceTree = "<group>";
		};
		12D62C652C68A87D00E5C017 /* guiaApp */ = {
			isa = PBXGroup;
			children = (
				12D62C742C68A91A00E5C017 /* models.swift */,
				12DB06602C6B1C2C00CDB07C /* DragState.swift */,
				12DB065D2C6B0E2600CDB07C /* SwipeViewQuickTrips */,
				12D62C862C692B8900E5C017 /* Login */,
				12D62C662C68A87D00E5C017 /* guiaAppApp.swift */,
				121B99682C69668F006D8D71 /* Onboarding */,
				12D62C682C68A87D00E5C017 /* ContentView.swift */,
				12D62C6A2C68A88000E5C017 /* Assets.xcassets */,
				12D62C7A2C68B20900E5C017 /* Localizable.xcstrings */,
				12D62C6C2C68A88000E5C017 /* Preview Content */,
			);
			path = guiaApp;
			sourceTree = "<group>";
		};
		12D62C6C2C68A88000E5C017 /* Preview Content */ = {
			isa = PBXGroup;
			children = (
				12D62C6D2C68A88000E5C017 /* Preview Assets.xcassets */,
			);
			path = "Preview Content";
			sourceTree = "<group>";
		};
		12D62C862C692B8900E5C017 /* Login */ = {
			isa = PBXGroup;
			children = (
				12D62C7C2C68B27700E5C017 /* SignUpView.swift */,
				12D62C762C68AF9300E5C017 /* LoginView.swift */,
				12D62C842C68B93B00E5C017 /* SuccessEmailSentView.swift */,
				121B99662C6932F0006D8D71 /* DataCollectionFormView.swift */,
				121B99642C6930AB006D8D71 /* CreateNewPasswordLogin.swift */,
				12D62C802C68B65400E5C017 /* RecoverPasswordView.swift */,
			);
			path = Login;
			sourceTree = "<group>";
		};
		12DB065D2C6B0E2600CDB07C /* SwipeViewQuickTrips */ = {
			isa = PBXGroup;
			children = (
				12DB065E2C6B0E5E00CDB07C /* SwipeStackPlacesView.swift */,
			);
			path = SwipeViewQuickTrips;
			sourceTree = "<group>";
		};
/* End PBXGroup section */

/* Begin PBXNativeTarget section */
		12D62C622C68A87D00E5C017 /* guiaApp */ = {
			isa = PBXNativeTarget;
			buildConfigurationList = 12D62C712C68A88000E5C017 /* Build configuration list for PBXNativeTarget "guiaApp" */;
			buildPhases = (
				12D62C5F2C68A87D00E5C017 /* Sources */,
				12D62C602C68A87D00E5C017 /* Frameworks */,
				12D62C612C68A87D00E5C017 /* Resources */,
			);
			buildRules = (
			);
			dependencies = (
			);
			name = guiaApp;
			productName = guiaApp;
			productReference = 12D62C632C68A87D00E5C017 /* guiaApp.app */;
			productType = "com.apple.product-type.application";
		};
/* End PBXNativeTarget section */

/* Begin PBXProject section */
		12D62C5B2C68A87D00E5C017 /* Project object */ = {
			isa = PBXProject;
			attributes = {
				BuildIndependentTargetsInParallel = 1;
				LastSwiftUpdateCheck = 1540;
				LastUpgradeCheck = 1540;
				TargetAttributes = {
					12D62C622C68A87D00E5C017 = {
						CreatedOnToolsVersion = 15.4;
					};
				};
			};
			buildConfigurationList = 12D62C5E2C68A87D00E5C017 /* Build configuration list for PBXProject "guiaApp" */;
			compatibilityVersion = "Xcode 14.0";
			developmentRegion = en;
			hasScannedForEncodings = 0;
			knownRegions = (
				en,
				Base,
			);
			mainGroup = 12D62C5A2C68A87D00E5C017;
			productRefGroup = 12D62C642C68A87D00E5C017 /* Products */;
			projectDirPath = "";
			projectRoot = "";
			targets = (
				12D62C622C68A87D00E5C017 /* guiaApp */,
			);
		};
/* End PBXProject section */

/* Begin PBXResourcesBuildPhase section */
		12D62C612C68A87D00E5C017 /* Resources */ = {
			isa = PBXResourcesBuildPhase;
			buildActionMask = 2147483647;
			files = (
				12D62C6E2C68A88000E5C017 /* Preview Assets.xcassets in Resources */,
				12D62C6B2C68A88000E5C017 /* Assets.xcassets in Resources */,
				12D62C7B2C68B20900E5C017 /* Localizable.xcstrings in Resources */,
			);
			runOnlyForDeploymentPostprocessing = 0;
		};
/* End PBXResourcesBuildPhase section */

/* Begin PBXSourcesBuildPhase section */
		12D62C5F2C68A87D00E5C017 /* Sources */ = {
			isa = PBXSourcesBuildPhase;
			buildActionMask = 2147483647;
			files = (
				12D62C812C68B65400E5C017 /* RecoverPasswordView.swift in Sources */,
				12DB06612C6B1C2C00CDB07C /* DragState.swift in Sources */,
				121B99652C6930AB006D8D71 /* CreateNewPasswordLogin.swift in Sources */,
				12D62C692C68A87D00E5C017 /* ContentView.swift in Sources */,
				12D62C852C68B93B00E5C017 /* SuccessEmailSentView.swift in Sources */,
				12D62C7D2C68B27700E5C017 /* SignUpView.swift in Sources */,
				12DB065F2C6B0E5E00CDB07C /* SwipeStackPlacesView.swift in Sources */,
				121B99672C6932F0006D8D71 /* DataCollectionFormView.swift in Sources */,
				12D62C752C68A91A00E5C017 /* models.swift in Sources */,
				12D62C772C68AF9300E5C017 /* LoginView.swift in Sources */,
				121B996B2C6966C4006D8D71 /* PlanYourTrip.swift in Sources */,
				12D62C672C68A87D00E5C017 /* guiaAppApp.swift in Sources */,
			);
			runOnlyForDeploymentPostprocessing = 0;
		};
/* End PBXSourcesBuildPhase section */

/* Begin XCBuildConfiguration section */
		12D62C6F2C68A88000E5C017 /* Debug */ = {
			isa = XCBuildConfiguration;
			buildSettings = {
				ALWAYS_SEARCH_USER_PATHS = NO;
				ASSETCATALOG_COMPILER_GENERATE_SWIFT_ASSET_SYMBOL_EXTENSIONS = YES;
				CLANG_ANALYZER_NONNULL = YES;
				CLANG_ANALYZER_NUMBER_OBJECT_CONVERSION = YES_AGGRESSIVE;
				CLANG_CXX_LANGUAGE_STANDARD = "gnu++20";
				CLANG_ENABLE_MODULES = YES;
				CLANG_ENABLE_OBJC_ARC = YES;
				CLANG_ENABLE_OBJC_WEAK = YES;
				CLANG_WARN_BLOCK_CAPTURE_AUTORELEASING = YES;
				CLANG_WARN_BOOL_CONVERSION = YES;
				CLANG_WARN_COMMA = YES;
				CLANG_WARN_CONSTANT_CONVERSION = YES;
				CLANG_WARN_DEPRECATED_OBJC_IMPLEMENTATIONS = YES;
				CLANG_WARN_DIRECT_OBJC_ISA_USAGE = YES_ERROR;
				CLANG_WARN_DOCUMENTATION_COMMENTS = YES;
				CLANG_WARN_EMPTY_BODY = YES;
				CLANG_WARN_ENUM_CONVERSION = YES;
				CLANG_WARN_INFINITE_RECURSION = YES;
				CLANG_WARN_INT_CONVERSION = YES;
				CLANG_WARN_NON_LITERAL_NULL_CONVERSION = YES;
				CLANG_WARN_OBJC_IMPLICIT_RETAIN_SELF = YES;
				CLANG_WARN_OBJC_LITERAL_CONVERSION = YES;
				CLANG_WARN_OBJC_ROOT_CLASS = YES_ERROR;
				CLANG_WARN_QUOTED_INCLUDE_IN_FRAMEWORK_HEADER = YES;
				CLANG_WARN_RANGE_LOOP_ANALYSIS = YES;
				CLANG_WARN_STRICT_PROTOTYPES = YES;
				CLANG_WARN_SUSPICIOUS_MOVE = YES;
				CLANG_WARN_UNGUARDED_AVAILABILITY = YES_AGGRESSIVE;
				CLANG_WARN_UNREACHABLE_CODE = YES;
				CLANG_WARN__DUPLICATE_METHOD_MATCH = YES;
				COPY_PHASE_STRIP = NO;
				DEBUG_INFORMATION_FORMAT = dwarf;
				ENABLE_STRICT_OBJC_MSGSEND = YES;
				ENABLE_TESTABILITY = YES;
				ENABLE_USER_SCRIPT_SANDBOXING = YES;
				GCC_C_LANGUAGE_STANDARD = gnu17;
				GCC_DYNAMIC_NO_PIC = NO;
				GCC_NO_COMMON_BLOCKS = YES;
				GCC_OPTIMIZATION_LEVEL = 0;
				GCC_PREPROCESSOR_DEFINITIONS = (
					"DEBUG=1",
					"$(inherited)",
				);
				GCC_WARN_64_TO_32_BIT_CONVERSION = YES;
				GCC_WARN_ABOUT_RETURN_TYPE = YES_ERROR;
				GCC_WARN_UNDECLARED_SELECTOR = YES;
				GCC_WARN_UNINITIALIZED_AUTOS = YES_AGGRESSIVE;
				GCC_WARN_UNUSED_FUNCTION = YES;
				GCC_WARN_UNUSED_VARIABLE = YES;
				IPHONEOS_DEPLOYMENT_TARGET = 17.5;
				LOCALIZATION_PREFERS_STRING_CATALOGS = YES;
				MTL_ENABLE_DEBUG_INFO = INCLUDE_SOURCE;
				MTL_FAST_MATH = YES;
				ONLY_ACTIVE_ARCH = YES;
				SDKROOT = iphoneos;
				SWIFT_ACTIVE_COMPILATION_CONDITIONS = "DEBUG $(inherited)";
				SWIFT_OPTIMIZATION_LEVEL = "-Onone";
			};
			name = Debug;
		};
		12D62C702C68A88000E5C017 /* Release */ = {
			isa = XCBuildConfiguration;
			buildSettings = {
				ALWAYS_SEARCH_USER_PATHS = NO;
				ASSETCATALOG_COMPILER_GENERATE_SWIFT_ASSET_SYMBOL_EXTENSIONS = YES;
				CLANG_ANALYZER_NONNULL = YES;
				CLANG_ANALYZER_NUMBER_OBJECT_CONVERSION = YES_AGGRESSIVE;
				CLANG_CXX_LANGUAGE_STANDARD = "gnu++20";
				CLANG_ENABLE_MODULES = YES;
				CLANG_ENABLE_OBJC_ARC = YES;
				CLANG_ENABLE_OBJC_WEAK = YES;
				CLANG_WARN_BLOCK_CAPTURE_AUTORELEASING = YES;
				CLANG_WARN_BOOL_CONVERSION = YES;
				CLANG_WARN_COMMA = YES;
				CLANG_WARN_CONSTANT_CONVERSION = YES;
				CLANG_WARN_DEPRECATED_OBJC_IMPLEMENTATIONS = YES;
				CLANG_WARN_DIRECT_OBJC_ISA_USAGE = YES_ERROR;
				CLANG_WARN_DOCUMENTATION_COMMENTS = YES;
				CLANG_WARN_EMPTY_BODY = YES;
				CLANG_WARN_ENUM_CONVERSION = YES;
				CLANG_WARN_INFINITE_RECURSION = YES;
				CLANG_WARN_INT_CONVERSION = YES;
				CLANG_WARN_NON_LITERAL_NULL_CONVERSION = YES;
				CLANG_WARN_OBJC_IMPLICIT_RETAIN_SELF = YES;
				CLANG_WARN_OBJC_LITERAL_CONVERSION = YES;
				CLANG_WARN_OBJC_ROOT_CLASS = YES_ERROR;
				CLANG_WARN_QUOTED_INCLUDE_IN_FRAMEWORK_HEADER = YES;
				CLANG_WARN_RANGE_LOOP_ANALYSIS = YES;
				CLANG_WARN_STRICT_PROTOTYPES = YES;
				CLANG_WARN_SUSPICIOUS_MOVE = YES;
				CLANG_WARN_UNGUARDED_AVAILABILITY = YES_AGGRESSIVE;
				CLANG_WARN_UNREACHABLE_CODE = YES;
				CLANG_WARN__DUPLICATE_METHOD_MATCH = YES;
				COPY_PHASE_STRIP = NO;
				DEBUG_INFORMATION_FORMAT = "dwarf-with-dsym";
				ENABLE_NS_ASSERTIONS = NO;
				ENABLE_STRICT_OBJC_MSGSEND = YES;
				ENABLE_USER_SCRIPT_SANDBOXING = YES;
				GCC_C_LANGUAGE_STANDARD = gnu17;
				GCC_NO_COMMON_BLOCKS = YES;
				GCC_WARN_64_TO_32_BIT_CONVERSION = YES;
				GCC_WARN_ABOUT_RETURN_TYPE = YES_ERROR;
				GCC_WARN_UNDECLARED_SELECTOR = YES;
				GCC_WARN_UNINITIALIZED_AUTOS = YES_AGGRESSIVE;
				GCC_WARN_UNUSED_FUNCTION = YES;
				GCC_WARN_UNUSED_VARIABLE = YES;
				IPHONEOS_DEPLOYMENT_TARGET = 17.5;
				LOCALIZATION_PREFERS_STRING_CATALOGS = YES;
				MTL_ENABLE_DEBUG_INFO = NO;
				MTL_FAST_MATH = YES;
				SDKROOT = iphoneos;
				SWIFT_COMPILATION_MODE = wholemodule;
				VALIDATE_PRODUCT = YES;
			};
			name = Release;
		};
		12D62C722C68A88000E5C017 /* Debug */ = {
			isa = XCBuildConfiguration;
			buildSettings = {
				ASSETCATALOG_COMPILER_APPICON_NAME = AppIcon;
				ASSETCATALOG_COMPILER_GLOBAL_ACCENT_COLOR_NAME = AccentColor;
				CODE_SIGN_STYLE = Automatic;
				CURRENT_PROJECT_VERSION = 1;
				DEVELOPMENT_ASSET_PATHS = "\"guiaApp/Preview Content\"";
				ENABLE_PREVIEWS = YES;
				GENERATE_INFOPLIST_FILE = YES;
				INFOPLIST_KEY_UIApplicationSceneManifest_Generation = YES;
				INFOPLIST_KEY_UIApplicationSupportsIndirectInputEvents = YES;
				INFOPLIST_KEY_UILaunchScreen_Generation = YES;
				INFOPLIST_KEY_UISupportedInterfaceOrientations = UIInterfaceOrientationPortrait;
				LD_RUNPATH_SEARCH_PATHS = (
					"$(inherited)",
					"@executable_path/Frameworks",
				);
				MARKETING_VERSION = 1.0;
				PRODUCT_BUNDLE_IDENTIFIER = Mango.guiaApp;
				PRODUCT_NAME = "$(TARGET_NAME)";
				SWIFT_EMIT_LOC_STRINGS = YES;
				SWIFT_VERSION = 5.0;
				TARGETED_DEVICE_FAMILY = "1,2";
			};
			name = Debug;
		};
		12D62C732C68A88000E5C017 /* Release */ = {
			isa = XCBuildConfiguration;
			buildSettings = {
				ASSETCATALOG_COMPILER_APPICON_NAME = AppIcon;
				ASSETCATALOG_COMPILER_GLOBAL_ACCENT_COLOR_NAME = AccentColor;
				CODE_SIGN_STYLE = Automatic;
				CURRENT_PROJECT_VERSION = 1;
				DEVELOPMENT_ASSET_PATHS = "\"guiaApp/Preview Content\"";
				ENABLE_PREVIEWS = YES;
				GENERATE_INFOPLIST_FILE = YES;
				INFOPLIST_KEY_UIApplicationSceneManifest_Generation = YES;
				INFOPLIST_KEY_UIApplicationSupportsIndirectInputEvents = YES;
				INFOPLIST_KEY_UILaunchScreen_Generation = YES;
				INFOPLIST_KEY_UISupportedInterfaceOrientations = UIInterfaceOrientationPortrait;
				LD_RUNPATH_SEARCH_PATHS = (
					"$(inherited)",
					"@executable_path/Frameworks",
				);
				MARKETING_VERSION = 1.0;
				PRODUCT_BUNDLE_IDENTIFIER = Mango.guiaApp;
				PRODUCT_NAME = "$(TARGET_NAME)";
				SWIFT_EMIT_LOC_STRINGS = YES;
				SWIFT_VERSION = 5.0;
				TARGETED_DEVICE_FAMILY = "1,2";
			};
			name = Release;
		};
/* End XCBuildConfiguration section */

/* Begin XCConfigurationList section */
		12D62C5E2C68A87D00E5C017 /* Build configuration list for PBXProject "guiaApp" */ = {
			isa = XCConfigurationList;
			buildConfigurations = (
				12D62C6F2C68A88000E5C017 /* Debug */,
				12D62C702C68A88000E5C017 /* Release */,
			);
			defaultConfigurationIsVisible = 0;
			defaultConfigurationName = Release;
		};
		12D62C712C68A88000E5C017 /* Build configuration list for PBXNativeTarget "guiaApp" */ = {
			isa = XCConfigurationList;
			buildConfigurations = (
				12D62C722C68A88000E5C017 /* Debug */,
				12D62C732C68A88000E5C017 /* Release */,
			);
			defaultConfigurationIsVisible = 0;
			defaultConfigurationName = Release;
		};
/* End XCConfigurationList section */
	};
	rootObject = 12D62C5B2C68A87D00E5C017 /* Project object */;
}
