// !$*UTF8*$!
{
	archiveVersion = 1;
	classes = {
	};
	objectVersion = 77;
	objects = {

/* Begin PBXContainerItemProxy section */
		128E713D2CCD841A00CF3FF0 /* PBXContainerItemProxy */ = {
			isa = PBXContainerItemProxy;
			containerPortal = 128E711E2CCD841900CF3FF0 /* Project object */;
			proxyType = 1;
			remoteGlobalIDString = 128E71252CCD841900CF3FF0;
			remoteInfo = UITestDEMOAPP;
		};
		128E71472CCD841A00CF3FF0 /* PBXContainerItemProxy */ = {
			isa = PBXContainerItemProxy;
			containerPortal = 128E711E2CCD841900CF3FF0 /* Project object */;
			proxyType = 1;
			remoteGlobalIDString = 128E71252CCD841900CF3FF0;
			remoteInfo = UITestDEMOAPP;
		};
/* End PBXContainerItemProxy section */

/* Begin PBXFileReference section */
		128E71262CCD841900CF3FF0 /* UITestDEMOAPP.app */ = {isa = PBXFileReference; explicitFileType = wrapper.application; includeInIndex = 0; path = UITestDEMOAPP.app; sourceTree = BUILT_PRODUCTS_DIR; };
		128E713C2CCD841A00CF3FF0 /* UITestDEMOAPPTests.xctest */ = {isa = PBXFileReference; explicitFileType = wrapper.cfbundle; includeInIndex = 0; path = UITestDEMOAPPTests.xctest; sourceTree = BUILT_PRODUCTS_DIR; };
		128E71462CCD841A00CF3FF0 /* UITestDEMOAPPUITests.xctest */ = {isa = PBXFileReference; explicitFileType = wrapper.cfbundle; includeInIndex = 0; path = UITestDEMOAPPUITests.xctest; sourceTree = BUILT_PRODUCTS_DIR; };
/* End PBXFileReference section */

/* Begin PBXFileSystemSynchronizedBuildFileExceptionSet section */
		128E714E2CCD841A00CF3FF0 /* Exceptions for "UITestDEMOAPP" folder in "UITestDEMOAPP" target */ = {
			isa = PBXFileSystemSynchronizedBuildFileExceptionSet;
			membershipExceptions = (
				Info.plist,
			);
			target = 128E71252CCD841900CF3FF0 /* UITestDEMOAPP */;
		};
		12E6142A2CCDA2E300F6B5D7 /* Exceptions for "UITestDEMOAPP" folder in "UITestDEMOAPPTests" target */ = {
			isa = PBXFileSystemSynchronizedBuildFileExceptionSet;
			membershipExceptions = (
				Constants.swift,
			);
			target = 128E713B2CCD841A00CF3FF0 /* UITestDEMOAPPTests */;
		};
		12E6142C2CCDA30C00F6B5D7 /* Exceptions for "UITestDEMOAPP" folder in "UITestDEMOAPPUITests" target */ = {
			isa = PBXFileSystemSynchronizedBuildFileExceptionSet;
			membershipExceptions = (
				Constants.swift,
			);
			target = 128E71452CCD841A00CF3FF0 /* UITestDEMOAPPUITests */;
		};
/* End PBXFileSystemSynchronizedBuildFileExceptionSet section */

/* Begin PBXFileSystemSynchronizedRootGroup section */
		128E71282CCD841900CF3FF0 /* UITestDEMOAPP */ = {
			isa = PBXFileSystemSynchronizedRootGroup;
			exceptions = (
				128E714E2CCD841A00CF3FF0 /* Exceptions for "UITestDEMOAPP" folder in "UITestDEMOAPP" target */,
				12E6142A2CCDA2E300F6B5D7 /* Exceptions for "UITestDEMOAPP" folder in "UITestDEMOAPPTests" target */,
				12E6142C2CCDA30C00F6B5D7 /* Exceptions for "UITestDEMOAPP" folder in "UITestDEMOAPPUITests" target */,
			);
			path = UITestDEMOAPP;
			sourceTree = "<group>";
		};
		128E713F2CCD841A00CF3FF0 /* UITestDEMOAPPTests */ = {
			isa = PBXFileSystemSynchronizedRootGroup;
			path = UITestDEMOAPPTests;
			sourceTree = "<group>";
		};
		128E71492CCD841A00CF3FF0 /* UITestDEMOAPPUITests */ = {
			isa = PBXFileSystemSynchronizedRootGroup;
			path = UITestDEMOAPPUITests;
			sourceTree = "<group>";
		};
/* End PBXFileSystemSynchronizedRootGroup section */

/* Begin PBXFrameworksBuildPhase section */
		128E71232CCD841900CF3FF0 /* Frameworks */ = {
			isa = PBXFrameworksBuildPhase;
			buildActionMask = 2147483647;
			files = (
			);
			runOnlyForDeploymentPostprocessing = 0;
		};
		128E71392CCD841A00CF3FF0 /* Frameworks */ = {
			isa = PBXFrameworksBuildPhase;
			buildActionMask = 2147483647;
			files = (
			);
			runOnlyForDeploymentPostprocessing = 0;
		};
		128E71432CCD841A00CF3FF0 /* Frameworks */ = {
			isa = PBXFrameworksBuildPhase;
			buildActionMask = 2147483647;
			files = (
			);
			runOnlyForDeploymentPostprocessing = 0;
		};
/* End PBXFrameworksBuildPhase section */

/* Begin PBXGroup section */
		128E711D2CCD841900CF3FF0 = {
			isa = PBXGroup;
			children = (
				128E71282CCD841900CF3FF0 /* UITestDEMOAPP */,
				128E713F2CCD841A00CF3FF0 /* UITestDEMOAPPTests */,
				128E71492CCD841A00CF3FF0 /* UITestDEMOAPPUITests */,
				128E71272CCD841900CF3FF0 /* Products */,
			);
			sourceTree = "<group>";
		};
		128E71272CCD841900CF3FF0 /* Products */ = {
			isa = PBXGroup;
			children = (
				128E71262CCD841900CF3FF0 /* UITestDEMOAPP.app */,
				128E713C2CCD841A00CF3FF0 /* UITestDEMOAPPTests.xctest */,
				128E71462CCD841A00CF3FF0 /* UITestDEMOAPPUITests.xctest */,
			);
			name = Products;
			sourceTree = "<group>";
		};
/* End PBXGroup section */

/* Begin PBXNativeTarget section */
		128E71252CCD841900CF3FF0 /* UITestDEMOAPP */ = {
			isa = PBXNativeTarget;
			buildConfigurationList = 128E714F2CCD841A00CF3FF0 /* Build configuration list for PBXNativeTarget "UITestDEMOAPP" */;
			buildPhases = (
				128E71222CCD841900CF3FF0 /* Sources */,
				128E71232CCD841900CF3FF0 /* Frameworks */,
				128E71242CCD841900CF3FF0 /* Resources */,
			);
			buildRules = (
			);
			dependencies = (
			);
			fileSystemSynchronizedGroups = (
				128E71282CCD841900CF3FF0 /* UITestDEMOAPP */,
			);
			name = UITestDEMOAPP;
			packageProductDependencies = (
			);
			productName = UITestDEMOAPP;
			productReference = 128E71262CCD841900CF3FF0 /* UITestDEMOAPP.app */;
			productType = "com.apple.product-type.application";
		};
		128E713B2CCD841A00CF3FF0 /* UITestDEMOAPPTests */ = {
			isa = PBXNativeTarget;
			buildConfigurationList = 128E71542CCD841A00CF3FF0 /* Build configuration list for PBXNativeTarget "UITestDEMOAPPTests" */;
			buildPhases = (
				128E71382CCD841A00CF3FF0 /* Sources */,
				128E71392CCD841A00CF3FF0 /* Frameworks */,
				128E713A2CCD841A00CF3FF0 /* Resources */,
			);
			buildRules = (
			);
			dependencies = (
				128E713E2CCD841A00CF3FF0 /* PBXTargetDependency */,
			);
			fileSystemSynchronizedGroups = (
				128E713F2CCD841A00CF3FF0 /* UITestDEMOAPPTests */,
			);
			name = UITestDEMOAPPTests;
			packageProductDependencies = (
			);
			productName = UITestDEMOAPPTests;
			productReference = 128E713C2CCD841A00CF3FF0 /* UITestDEMOAPPTests.xctest */;
			productType = "com.apple.product-type.bundle.unit-test";
		};
		128E71452CCD841A00CF3FF0 /* UITestDEMOAPPUITests */ = {
			isa = PBXNativeTarget;
			buildConfigurationList = 128E71572CCD841A00CF3FF0 /* Build configuration list for PBXNativeTarget "UITestDEMOAPPUITests" */;
			buildPhases = (
				128E71422CCD841A00CF3FF0 /* Sources */,
				128E71432CCD841A00CF3FF0 /* Frameworks */,
				128E71442CCD841A00CF3FF0 /* Resources */,
			);
			buildRules = (
			);
			dependencies = (
				128E71482CCD841A00CF3FF0 /* PBXTargetDependency */,
			);
			fileSystemSynchronizedGroups = (
				128E71492CCD841A00CF3FF0 /* UITestDEMOAPPUITests */,
			);
			name = UITestDEMOAPPUITests;
			packageProductDependencies = (
			);
			productName = UITestDEMOAPPUITests;
			productReference = 128E71462CCD841A00CF3FF0 /* UITestDEMOAPPUITests.xctest */;
			productType = "com.apple.product-type.bundle.ui-testing";
		};
/* End PBXNativeTarget section */

/* Begin PBXProject section */
		128E711E2CCD841900CF3FF0 /* Project object */ = {
			isa = PBXProject;
			attributes = {
				BuildIndependentTargetsInParallel = 1;
				LastSwiftUpdateCheck = 1600;
				LastUpgradeCheck = 1600;
				TargetAttributes = {
					128E71252CCD841900CF3FF0 = {
						CreatedOnToolsVersion = 16.0;
					};
					128E713B2CCD841A00CF3FF0 = {
						CreatedOnToolsVersion = 16.0;
						TestTargetID = 128E71252CCD841900CF3FF0;
					};
					128E71452CCD841A00CF3FF0 = {
						CreatedOnToolsVersion = 16.0;
						TestTargetID = 128E71252CCD841900CF3FF0;
					};
				};
			};
			buildConfigurationList = 128E71212CCD841900CF3FF0 /* Build configuration list for PBXProject "UITestDEMOAPP" */;
			developmentRegion = en;
			hasScannedForEncodings = 0;
			knownRegions = (
				en,
				Base,
			);
			mainGroup = 128E711D2CCD841900CF3FF0;
			minimizedProjectReferenceProxies = 1;
			preferredProjectObjectVersion = 77;
			productRefGroup = 128E71272CCD841900CF3FF0 /* Products */;
			projectDirPath = "";
			projectRoot = "";
			targets = (
				128E71252CCD841900CF3FF0 /* UITestDEMOAPP */,
				128E713B2CCD841A00CF3FF0 /* UITestDEMOAPPTests */,
				128E71452CCD841A00CF3FF0 /* UITestDEMOAPPUITests */,
			);
		};
/* End PBXProject section */

/* Begin PBXResourcesBuildPhase section */
		128E71242CCD841900CF3FF0 /* Resources */ = {
			isa = PBXResourcesBuildPhase;
			buildActionMask = 2147483647;
			files = (
			);
			runOnlyForDeploymentPostprocessing = 0;
		};
		128E713A2CCD841A00CF3FF0 /* Resources */ = {
			isa = PBXResourcesBuildPhase;
			buildActionMask = 2147483647;
			files = (
			);
			runOnlyForDeploymentPostprocessing = 0;
		};
		128E71442CCD841A00CF3FF0 /* Resources */ = {
			isa = PBXResourcesBuildPhase;
			buildActionMask = 2147483647;
			files = (
			);
			runOnlyForDeploymentPostprocessing = 0;
		};
/* End PBXResourcesBuildPhase section */

/* Begin PBXSourcesBuildPhase section */
		128E71222CCD841900CF3FF0 /* Sources */ = {
			isa = PBXSourcesBuildPhase;
			buildActionMask = 2147483647;
			files = (
			);
			runOnlyForDeploymentPostprocessing = 0;
		};
		128E71382CCD841A00CF3FF0 /* Sources */ = {
			isa = PBXSourcesBuildPhase;
			buildActionMask = 2147483647;
			files = (
			);
			runOnlyForDeploymentPostprocessing = 0;
		};
		128E71422CCD841A00CF3FF0 /* Sources */ = {
			isa = PBXSourcesBuildPhase;
			buildActionMask = 2147483647;
			files = (
			);
			runOnlyForDeploymentPostprocessing = 0;
		};
/* End PBXSourcesBuildPhase section */

/* Begin PBXTargetDependency section */
		128E713E2CCD841A00CF3FF0 /* PBXTargetDependency */ = {
			isa = PBXTargetDependency;
			target = 128E71252CCD841900CF3FF0 /* UITestDEMOAPP */;
			targetProxy = 128E713D2CCD841A00CF3FF0 /* PBXContainerItemProxy */;
		};
		128E71482CCD841A00CF3FF0 /* PBXTargetDependency */ = {
			isa = PBXTargetDependency;
			target = 128E71252CCD841900CF3FF0 /* UITestDEMOAPP */;
			targetProxy = 128E71472CCD841A00CF3FF0 /* PBXContainerItemProxy */;
		};
/* End PBXTargetDependency section */

/* Begin XCBuildConfiguration section */
		128E71502CCD841A00CF3FF0 /* Debug */ = {
			isa = XCBuildConfiguration;
			buildSettings = {
				ASSETCATALOG_COMPILER_APPICON_NAME = AppIcon;
				ASSETCATALOG_COMPILER_GLOBAL_ACCENT_COLOR_NAME = AccentColor;
				CODE_SIGN_STYLE = Automatic;
				CURRENT_PROJECT_VERSION = 1;
				DEVELOPMENT_TEAM = 2V9USP2CNP;
				GENERATE_INFOPLIST_FILE = YES;
				INFOPLIST_FILE = UITestDEMOAPP/Info.plist;
				INFOPLIST_KEY_UIApplicationSupportsIndirectInputEvents = YES;
				INFOPLIST_KEY_UILaunchStoryboardName = LaunchScreen;
				INFOPLIST_KEY_UISupportedInterfaceOrientations = UIInterfaceOrientationPortrait;
				LD_RUNPATH_SEARCH_PATHS = (
					"$(inherited)",
					"@executable_path/Frameworks",
				);
				MARKETING_VERSION = 1.0;
				PRODUCT_BUNDLE_IDENTIFIER = Mango.UITestDEMOAPP;
				PRODUCT_NAME = "$(TARGET_NAME)";
				SUPPORTED_PLATFORMS = "iphoneos iphonesimulator";
				SUPPORTS_MACCATALYST = NO;
				SUPPORTS_MAC_DESIGNED_FOR_IPHONE_IPAD = NO;
				SUPPORTS_XR_DESIGNED_FOR_IPHONE_IPAD = NO;
				SWIFT_EMIT_LOC_STRINGS = YES;
				SWIFT_VERSION = 5.0;
				TARGETED_DEVICE_FAMILY = "1,2";
			};
			name = Debug;
		};
		128E71512CCD841A00CF3FF0 /* Release */ = {
			isa = XCBuildConfiguration;
			buildSettings = {
				ASSETCATALOG_COMPILER_APPICON_NAME = AppIcon;
				ASSETCATALOG_COMPILER_GLOBAL_ACCENT_COLOR_NAME = AccentColor;
				CODE_SIGN_STYLE = Automatic;
				CURRENT_PROJECT_VERSION = 1;
				DEVELOPMENT_TEAM = 2V9USP2CNP;
				GENERATE_INFOPLIST_FILE = YES;
				INFOPLIST_FILE = UITestDEMOAPP/Info.plist;
				INFOPLIST_KEY_UIApplicationSupportsIndirectInputEvents = YES;
				INFOPLIST_KEY_UILaunchStoryboardName = LaunchScreen;
				INFOPLIST_KEY_UISupportedInterfaceOrientations = UIInterfaceOrientationPortrait;
				LD_RUNPATH_SEARCH_PATHS = (
					"$(inherited)",
					"@executable_path/Frameworks",
				);
				MARKETING_VERSION = 1.0;
				PRODUCT_BUNDLE_IDENTIFIER = Mango.UITestDEMOAPP;
				PRODUCT_NAME = "$(TARGET_NAME)";
				SUPPORTED_PLATFORMS = "iphoneos iphonesimulator";
				SUPPORTS_MACCATALYST = NO;
				SUPPORTS_MAC_DESIGNED_FOR_IPHONE_IPAD = NO;
				SUPPORTS_XR_DESIGNED_FOR_IPHONE_IPAD = NO;
				SWIFT_EMIT_LOC_STRINGS = YES;
				SWIFT_VERSION = 5.0;
				TARGETED_DEVICE_FAMILY = "1,2";
			};
			name = Release;
		};
		128E71522CCD841A00CF3FF0 /* Debug */ = {
			isa = XCBuildConfiguration;
			buildSettings = {
				ALWAYS_SEARCH_USER_PATHS = NO;
				ASSETCATALOG_COMPILER_GENERATE_SWIFT_ASSET_SYMBOL_EXTENSIONS = YES;
				CLANG_ANALYZER_NONNULL = YES;
				CLANG_ANALYZER_NUMBER_OBJECT_CONVERSION = YES_AGGRESSIVE;
				CLANG_CXX_LANGUAGE_STANDARD = "gnu++20";
				CLANG_ENABLE_MODULES = YES;
				CLANG_ENABLE_OBJC_ARC = YES;
				CLANG_ENABLE_OBJC_WEAK = YES;
				CLANG_WARN_BLOCK_CAPTURE_AUTORELEASING = YES;
				CLANG_WARN_BOOL_CONVERSION = YES;
				CLANG_WARN_COMMA = YES;
				CLANG_WARN_CONSTANT_CONVERSION = YES;
				CLANG_WARN_DEPRECATED_OBJC_IMPLEMENTATIONS = YES;
				CLANG_WARN_DIRECT_OBJC_ISA_USAGE = YES_ERROR;
				CLANG_WARN_DOCUMENTATION_COMMENTS = YES;
				CLANG_WARN_EMPTY_BODY = YES;
				CLANG_WARN_ENUM_CONVERSION = YES;
				CLANG_WARN_INFINITE_RECURSION = YES;
				CLANG_WARN_INT_CONVERSION = YES;
				CLANG_WARN_NON_LITERAL_NULL_CONVERSION = YES;
				CLANG_WARN_OBJC_IMPLICIT_RETAIN_SELF = YES;
				CLANG_WARN_OBJC_LITERAL_CONVERSION = YES;
				CLANG_WARN_OBJC_ROOT_CLASS = YES_ERROR;
				CLANG_WARN_QUOTED_INCLUDE_IN_FRAMEWORK_HEADER = YES;
				CLANG_WARN_RANGE_LOOP_ANALYSIS = YES;
				CLANG_WARN_STRICT_PROTOTYPES = YES;
				CLANG_WARN_SUSPICIOUS_MOVE = YES;
				CLANG_WARN_UNGUARDED_AVAILABILITY = YES_AGGRESSIVE;
				CLANG_WARN_UNREACHABLE_CODE = YES;
				CLANG_WARN__DUPLICATE_METHOD_MATCH = YES;
				COPY_PHASE_STRIP = NO;
				DEBUG_INFORMATION_FORMAT = dwarf;
				ENABLE_STRICT_OBJC_MSGSEND = YES;
				ENABLE_TESTABILITY = YES;
				ENABLE_USER_SCRIPT_SANDBOXING = YES;
				GCC_C_LANGUAGE_STANDARD = gnu17;
				GCC_DYNAMIC_NO_PIC = NO;
				GCC_NO_COMMON_BLOCKS = YES;
				GCC_OPTIMIZATION_LEVEL = 0;
				GCC_PREPROCESSOR_DEFINITIONS = (
					"DEBUG=1",
					"$(inherited)",
				);
				GCC_WARN_64_TO_32_BIT_CONVERSION = YES;
				GCC_WARN_ABOUT_RETURN_TYPE = YES_ERROR;
				GCC_WARN_UNDECLARED_SELECTOR = YES;
				GCC_WARN_UNINITIALIZED_AUTOS = YES_AGGRESSIVE;
				GCC_WARN_UNUSED_FUNCTION = YES;
				GCC_WARN_UNUSED_VARIABLE = YES;
				IPHONEOS_DEPLOYMENT_TARGET = 18.0;
				LOCALIZATION_PREFERS_STRING_CATALOGS = YES;
				MTL_ENABLE_DEBUG_INFO = INCLUDE_SOURCE;
				MTL_FAST_MATH = YES;
				ONLY_ACTIVE_ARCH = YES;
				SDKROOT = iphoneos;
				SWIFT_ACTIVE_COMPILATION_CONDITIONS = "DEBUG $(inherited)";
				SWIFT_OPTIMIZATION_LEVEL = "-Onone";
			};
			name = Debug;
		};
		128E71532CCD841A00CF3FF0 /* Release */ = {
			isa = XCBuildConfiguration;
			buildSettings = {
				ALWAYS_SEARCH_USER_PATHS = NO;
				ASSETCATALOG_COMPILER_GENERATE_SWIFT_ASSET_SYMBOL_EXTENSIONS = YES;
				CLANG_ANALYZER_NONNULL = YES;
				CLANG_ANALYZER_NUMBER_OBJECT_CONVERSION = YES_AGGRESSIVE;
				CLANG_CXX_LANGUAGE_STANDARD = "gnu++20";
				CLANG_ENABLE_MODULES = YES;
				CLANG_ENABLE_OBJC_ARC = YES;
				CLANG_ENABLE_OBJC_WEAK = YES;
				CLANG_WARN_BLOCK_CAPTURE_AUTORELEASING = YES;
				CLANG_WARN_BOOL_CONVERSION = YES;
				CLANG_WARN_COMMA = YES;
				CLANG_WARN_CONSTANT_CONVERSION = YES;
				CLANG_WARN_DEPRECATED_OBJC_IMPLEMENTATIONS = YES;
				CLANG_WARN_DIRECT_OBJC_ISA_USAGE = YES_ERROR;
				CLANG_WARN_DOCUMENTATION_COMMENTS = YES;
				CLANG_WARN_EMPTY_BODY = YES;
				CLANG_WARN_ENUM_CONVERSION = YES;
				CLANG_WARN_INFINITE_RECURSION = YES;
				CLANG_WARN_INT_CONVERSION = YES;
				CLANG_WARN_NON_LITERAL_NULL_CONVERSION = YES;
				CLANG_WARN_OBJC_IMPLICIT_RETAIN_SELF = YES;
				CLANG_WARN_OBJC_LITERAL_CONVERSION = YES;
				CLANG_WARN_OBJC_ROOT_CLASS = YES_ERROR;
				CLANG_WARN_QUOTED_INCLUDE_IN_FRAMEWORK_HEADER = YES;
				CLANG_WARN_RANGE_LOOP_ANALYSIS = YES;
				CLANG_WARN_STRICT_PROTOTYPES = YES;
				CLANG_WARN_SUSPICIOUS_MOVE = YES;
				CLANG_WARN_UNGUARDED_AVAILABILITY = YES_AGGRESSIVE;
				CLANG_WARN_UNREACHABLE_CODE = YES;
				CLANG_WARN__DUPLICATE_METHOD_MATCH = YES;
				COPY_PHASE_STRIP = NO;
				DEBUG_INFORMATION_FORMAT = "dwarf-with-dsym";
				ENABLE_NS_ASSERTIONS = NO;
				ENABLE_STRICT_OBJC_MSGSEND = YES;
				ENABLE_USER_SCRIPT_SANDBOXING = YES;
				GCC_C_LANGUAGE_STANDARD = gnu17;
				GCC_NO_COMMON_BLOCKS = YES;
				GCC_WARN_64_TO_32_BIT_CONVERSION = YES;
				GCC_WARN_ABOUT_RETURN_TYPE = YES_ERROR;
				GCC_WARN_UNDECLARED_SELECTOR = YES;
				GCC_WARN_UNINITIALIZED_AUTOS = YES_AGGRESSIVE;
				GCC_WARN_UNUSED_FUNCTION = YES;
				GCC_WARN_UNUSED_VARIABLE = YES;
				IPHONEOS_DEPLOYMENT_TARGET = 18.0;
				LOCALIZATION_PREFERS_STRING_CATALOGS = YES;
				MTL_ENABLE_DEBUG_INFO = NO;
				MTL_FAST_MATH = YES;
				SDKROOT = iphoneos;
				SWIFT_COMPILATION_MODE = wholemodule;
				VALIDATE_PRODUCT = YES;
			};
			name = Release;
		};
		128E71552CCD841A00CF3FF0 /* Debug */ = {
			isa = XCBuildConfiguration;
			buildSettings = {
				BUNDLE_LOADER = "$(TEST_HOST)";
				CODE_SIGN_STYLE = Automatic;
				CURRENT_PROJECT_VERSION = 1;
				DEVELOPMENT_TEAM = 2V9USP2CNP;
				GENERATE_INFOPLIST_FILE = YES;
				IPHONEOS_DEPLOYMENT_TARGET = 18.0;
				MARKETING_VERSION = 1.0;
				PRODUCT_BUNDLE_IDENTIFIER = Mango.UITestDEMOAPPTests;
				PRODUCT_NAME = "$(TARGET_NAME)";
				SWIFT_EMIT_LOC_STRINGS = NO;
				SWIFT_VERSION = 5.0;
				TARGETED_DEVICE_FAMILY = "1,2";
				TEST_HOST = "$(BUILT_PRODUCTS_DIR)/UITestDEMOAPP.app/$(BUNDLE_EXECUTABLE_FOLDER_PATH)/UITestDEMOAPP";
			};
			name = Debug;
		};
		128E71562CCD841A00CF3FF0 /* Release */ = {
			isa = XCBuildConfiguration;
			buildSettings = {
				BUNDLE_LOADER = "$(TEST_HOST)";
				CODE_SIGN_STYLE = Automatic;
				CURRENT_PROJECT_VERSION = 1;
				DEVELOPMENT_TEAM = 2V9USP2CNP;
				GENERATE_INFOPLIST_FILE = YES;
				IPHONEOS_DEPLOYMENT_TARGET = 18.0;
				MARKETING_VERSION = 1.0;
				PRODUCT_BUNDLE_IDENTIFIER = Mango.UITestDEMOAPPTests;
				PRODUCT_NAME = "$(TARGET_NAME)";
				SWIFT_EMIT_LOC_STRINGS = NO;
				SWIFT_VERSION = 5.0;
				TARGETED_DEVICE_FAMILY = "1,2";
				TEST_HOST = "$(BUILT_PRODUCTS_DIR)/UITestDEMOAPP.app/$(BUNDLE_EXECUTABLE_FOLDER_PATH)/UITestDEMOAPP";
			};
			name = Release;
		};
		128E71582CCD841A00CF3FF0 /* Debug */ = {
			isa = XCBuildConfiguration;
			buildSettings = {
				CODE_SIGN_STYLE = Automatic;
				CURRENT_PROJECT_VERSION = 1;
				DEVELOPMENT_TEAM = 2V9USP2CNP;
				GENERATE_INFOPLIST_FILE = YES;
				MARKETING_VERSION = 1.0;
				PRODUCT_BUNDLE_IDENTIFIER = Mango.UITestDEMOAPPUITests;
				PRODUCT_NAME = "$(TARGET_NAME)";
				SWIFT_EMIT_LOC_STRINGS = NO;
				SWIFT_VERSION = 5.0;
				TARGETED_DEVICE_FAMILY = "1,2";
				TEST_TARGET_NAME = UITestDEMOAPP;
			};
			name = Debug;
		};
		128E71592CCD841A00CF3FF0 /* Release */ = {
			isa = XCBuildConfiguration;
			buildSettings = {
				CODE_SIGN_STYLE = Automatic;
				CURRENT_PROJECT_VERSION = 1;
				DEVELOPMENT_TEAM = 2V9USP2CNP;
				GENERATE_INFOPLIST_FILE = YES;
				MARKETING_VERSION = 1.0;
				PRODUCT_BUNDLE_IDENTIFIER = Mango.UITestDEMOAPPUITests;
				PRODUCT_NAME = "$(TARGET_NAME)";
				SWIFT_EMIT_LOC_STRINGS = NO;
				SWIFT_VERSION = 5.0;
				TARGETED_DEVICE_FAMILY = "1,2";
				TEST_TARGET_NAME = UITestDEMOAPP;
			};
			name = Release;
		};
/* End XCBuildConfiguration section */

/* Begin XCConfigurationList section */
		128E71212CCD841900CF3FF0 /* Build configuration list for PBXProject "UITestDEMOAPP" */ = {
			isa = XCConfigurationList;
			buildConfigurations = (
				128E71522CCD841A00CF3FF0 /* Debug */,
				128E71532CCD841A00CF3FF0 /* Release */,
			);
			defaultConfigurationIsVisible = 0;
			defaultConfigurationName = Release;
		};
		128E714F2CCD841A00CF3FF0 /* Build configuration list for PBXNativeTarget "UITestDEMOAPP" */ = {
			isa = XCConfigurationList;
			buildConfigurations = (
				128E71502CCD841A00CF3FF0 /* Debug */,
				128E71512CCD841A00CF3FF0 /* Release */,
			);
			defaultConfigurationIsVisible = 0;
			defaultConfigurationName = Release;
		};
		128E71542CCD841A00CF3FF0 /* Build configuration list for PBXNativeTarget "UITestDEMOAPPTests" */ = {
			isa = XCConfigurationList;
			buildConfigurations = (
				128E71552CCD841A00CF3FF0 /* Debug */,
				128E71562CCD841A00CF3FF0 /* Release */,
			);
			defaultConfigurationIsVisible = 0;
			defaultConfigurationName = Release;
		};
		128E71572CCD841A00CF3FF0 /* Build configuration list for PBXNativeTarget "UITestDEMOAPPUITests" */ = {
			isa = XCConfigurationList;
			buildConfigurations = (
				128E71582CCD841A00CF3FF0 /* Debug */,
				128E71592CCD841A00CF3FF0 /* Release */,
			);
			defaultConfigurationIsVisible = 0;
			defaultConfigurationName = Release;
		};
/* End XCConfigurationList section */
	};
	rootObject = 128E711E2CCD841900CF3FF0 /* Project object */;
}
